<?xml version="1.0" encoding="UTF-8" standalone="yes" ?>
<CodeBlocks_project_file>
	<FileVersion major="1" minor="6" />
	<Project>
		<Option title="WaypointFinder" />
		<Option pch_mode="2" />
		<Option compiler="gcc" />
		<Build>
			<Target title="Debug">
				<Option output="bin/Debug/WaypointGenerator" prefix_auto="1" extension_auto="1" />
				<Option object_output="obj/Debug/" />
				<Option type="1" />
				<Option compiler="gcc" />
				<Compiler>
					<Add option="-g" />
				</Compiler>
				<ExtraCommands>
					<Add after='cmd /c copy &quot;$(PROJECT_DIR)\runWaypointFinder.bat&quot; &quot;$(PROJECT_DIR)\bin\Debug\runWaypointFinder.bat&quot;' />
					<Mode after="always" />
				</ExtraCommands>
			</Target>
			<Target title="Release">
				<Option output="bin/Release/WaypointGenerator" prefix_auto="1" extension_auto="1" />
				<Option object_output="obj/Release/" />
				<Option type="1" />
				<Option compiler="gcc" />
				<Compiler>
					<Add option="-O2" />
				</Compiler>
				<Linker>
					<Add option="-s" />
				</Linker>
			</Target>
		</Build>
		<Compiler>
			<Add option="-Wall" />
			<Add option="-fexceptions" />
		</Compiler>
		<Unit filename="libs/Tokenizer.h" />
		<Unit filename="libs/pugixml-1.5/src/pugiconfig.hpp" />
		<Unit filename="libs/pugixml-1.5/src/pugixml.cpp" />
		<Unit filename="libs/pugixml-1.5/src/pugixml.hpp" />
		<Unit filename="src/Area.h" />
		<Unit filename="src/Bounds.h" />
		<Unit filename="src/DevelopmentHelper.h" />
		<Unit filename="src/Histogram.cpp" />
		<Unit filename="src/PointsAnalyzer.h" />
		<Unit filename="src/Reader.h" />
		<Unit filename="src/Statistics.h" />
		<Unit filename="src/TraceMerger.h" />
		<Unit filename="src/WaypointFinder.h" />
		<Unit filename="src/WaypointGenerator.h" />
		<Unit filename="src/main.cpp" />
		<Unit filename="src/runWaypointFinder.bat" />
		<Extensions>
			<code_completion />
			<envvars />
			<debugger />
		</Extensions>
	</Project>
</CodeBlocks_project_file>
